// !$*UTF8*$!
{
	archiveVersion = 1;
	classes = {
	};
	objectVersion = 51;
	objects = {

/* Begin PBXBuildFile section */
		A460EF0097AC3EB2783CA12E /* Pods_NYArticle.framework in Frameworks */ = {isa = PBXBuildFile; fileRef = 5077F7BB453E7CE84C128092 /* Pods_NYArticle.framework */; };
		B3D6389C239D39F300B9905D /* AppDelegate.swift in Sources */ = {isa = PBXBuildFile; fileRef = B3D6389B239D39F300B9905D /* AppDelegate.swift */; };
		B3D638A1239D39F300B9905D /* Main.storyboard in Resources */ = {isa = PBXBuildFile; fileRef = B3D6389F239D39F300B9905D /* Main.storyboard */; };
		B3D638A3239D39F500B9905D /* Assets.xcassets in Resources */ = {isa = PBXBuildFile; fileRef = B3D638A2239D39F500B9905D /* Assets.xcassets */; };
		B3D638A6239D39F500B9905D /* LaunchScreen.storyboard in Resources */ = {isa = PBXBuildFile; fileRef = B3D638A4239D39F500B9905D /* LaunchScreen.storyboard */; };
		B3D638B1239D39F500B9905D /* NYArticleTests.swift in Sources */ = {isa = PBXBuildFile; fileRef = B3D638B0239D39F500B9905D /* NYArticleTests.swift */; };
		B3D638BC239D39F500B9905D /* NYArticleUITests.swift in Sources */ = {isa = PBXBuildFile; fileRef = B3D638BB239D39F500B9905D /* NYArticleUITests.swift */; };
		B3D638CF239D3D3400B9905D /* WebService.swift in Sources */ = {isa = PBXBuildFile; fileRef = B3D638CE239D3D3400B9905D /* WebService.swift */; };
		B3D638D2239D3F1700B9905D /* WebConstants.swift in Sources */ = {isa = PBXBuildFile; fileRef = B3D638D1239D3F1700B9905D /* WebConstants.swift */; };
		B3D638D8239D3F9600B9905D /* Colors.swift in Sources */ = {isa = PBXBuildFile; fileRef = B3D638D3239D3F9500B9905D /* Colors.swift */; };
		B3D638D9239D3F9600B9905D /* Cache.swift in Sources */ = {isa = PBXBuildFile; fileRef = B3D638D4239D3F9600B9905D /* Cache.swift */; };
		B3D638DA239D3F9600B9905D /* ErrorMessages.swift in Sources */ = {isa = PBXBuildFile; fileRef = B3D638D5239D3F9600B9905D /* ErrorMessages.swift */; };
		B3D638DB239D3F9600B9905D /* Constants.swift in Sources */ = {isa = PBXBuildFile; fileRef = B3D638D6239D3F9600B9905D /* Constants.swift */; };
		B3D638DE239D40A800B9905D /* UserDefaultsKeys.swift in Sources */ = {isa = PBXBuildFile; fileRef = B3D638DD239D40A800B9905D /* UserDefaultsKeys.swift */; };
		B3D638E1239D4A2600B9905D /* Extension.swift in Sources */ = {isa = PBXBuildFile; fileRef = B3D638E0239D4A2600B9905D /* Extension.swift */; };
		B3D638E3239D4AE100B9905D /* ArticleListVC.swift in Sources */ = {isa = PBXBuildFile; fileRef = B3D638E2239D4AE100B9905D /* ArticleListVC.swift */; };
		B3D638E7239D57CC00B9905D /* ArticleCell.swift in Sources */ = {isa = PBXBuildFile; fileRef = B3D638E6239D57CC00B9905D /* ArticleCell.swift */; };
		B3D638EA239D8AD500B9905D /* ApiList.swift in Sources */ = {isa = PBXBuildFile; fileRef = B3D638E9239D8AD500B9905D /* ApiList.swift */; };
		B3FCFA35239DEEB10093A988 /* AppHelper.swift in Sources */ = {isa = PBXBuildFile; fileRef = B3FCFA34239DEEB10093A988 /* AppHelper.swift */; };
		B3FCFA37239DFA5E0093A988 /* ArticleList.swift in Sources */ = {isa = PBXBuildFile; fileRef = B3FCFA36239DFA5E0093A988 /* ArticleList.swift */; };
/* End PBXBuildFile section */

/* Begin PBXContainerItemProxy section */
		B3D638AD239D39F500B9905D /* PBXContainerItemProxy */ = {
			isa = PBXContainerItemProxy;
			containerPortal = B3D63890239D39F300B9905D /* Project object */;
			proxyType = 1;
			remoteGlobalIDString = B3D63897239D39F300B9905D;
			remoteInfo = NYArticle;
		};
		B3D638B8239D39F500B9905D /* PBXContainerItemProxy */ = {
			isa = PBXContainerItemProxy;
			containerPortal = B3D63890239D39F300B9905D /* Project object */;
			proxyType = 1;
			remoteGlobalIDString = B3D63897239D39F300B9905D;
			remoteInfo = NYArticle;
		};
/* End PBXContainerItemProxy section */

/* Begin PBXFileReference section */
		3DDBF083E10B763DAD2AE249 /* Pods-NYArticle.debug.xcconfig */ = {isa = PBXFileReference; includeInIndex = 1; lastKnownFileType = text.xcconfig; name = "Pods-NYArticle.debug.xcconfig"; path = "Target Support Files/Pods-NYArticle/Pods-NYArticle.debug.xcconfig"; sourceTree = "<group>"; };
		5077F7BB453E7CE84C128092 /* Pods_NYArticle.framework */ = {isa = PBXFileReference; explicitFileType = wrapper.framework; includeInIndex = 0; path = Pods_NYArticle.framework; sourceTree = BUILT_PRODUCTS_DIR; };
		AD480C457F5959DD8A5DA8CC /* Pods-NYArticle.release.xcconfig */ = {isa = PBXFileReference; includeInIndex = 1; lastKnownFileType = text.xcconfig; name = "Pods-NYArticle.release.xcconfig"; path = "Target Support Files/Pods-NYArticle/Pods-NYArticle.release.xcconfig"; sourceTree = "<group>"; };
		B3D63898239D39F300B9905D /* NYArticle.app */ = {isa = PBXFileReference; explicitFileType = wrapper.application; includeInIndex = 0; path = NYArticle.app; sourceTree = BUILT_PRODUCTS_DIR; };
		B3D6389B239D39F300B9905D /* AppDelegate.swift */ = {isa = PBXFileReference; lastKnownFileType = sourcecode.swift; path = AppDelegate.swift; sourceTree = "<group>"; };
		B3D638A0239D39F300B9905D /* Base */ = {isa = PBXFileReference; lastKnownFileType = file.storyboard; name = Base; path = Base.lproj/Main.storyboard; sourceTree = "<group>"; };
		B3D638A2239D39F500B9905D /* Assets.xcassets */ = {isa = PBXFileReference; lastKnownFileType = folder.assetcatalog; path = Assets.xcassets; sourceTree = "<group>"; };
		B3D638A5239D39F500B9905D /* Base */ = {isa = PBXFileReference; lastKnownFileType = file.storyboard; name = Base; path = Base.lproj/LaunchScreen.storyboard; sourceTree = "<group>"; };
		B3D638A7239D39F500B9905D /* Info.plist */ = {isa = PBXFileReference; lastKnownFileType = text.plist.xml; path = Info.plist; sourceTree = "<group>"; };
		B3D638AC239D39F500B9905D /* NYArticleTests.xctest */ = {isa = PBXFileReference; explicitFileType = wrapper.cfbundle; includeInIndex = 0; path = NYArticleTests.xctest; sourceTree = BUILT_PRODUCTS_DIR; };
		B3D638B0239D39F500B9905D /* NYArticleTests.swift */ = {isa = PBXFileReference; lastKnownFileType = sourcecode.swift; path = NYArticleTests.swift; sourceTree = "<group>"; };
		B3D638B2239D39F500B9905D /* Info.plist */ = {isa = PBXFileReference; lastKnownFileType = text.plist.xml; path = Info.plist; sourceTree = "<group>"; };
		B3D638B7239D39F500B9905D /* NYArticleUITests.xctest */ = {isa = PBXFileReference; explicitFileType = wrapper.cfbundle; includeInIndex = 0; path = NYArticleUITests.xctest; sourceTree = BUILT_PRODUCTS_DIR; };
		B3D638BB239D39F500B9905D /* NYArticleUITests.swift */ = {isa = PBXFileReference; lastKnownFileType = sourcecode.swift; path = NYArticleUITests.swift; sourceTree = "<group>"; };
		B3D638BD239D39F500B9905D /* Info.plist */ = {isa = PBXFileReference; lastKnownFileType = text.plist.xml; path = Info.plist; sourceTree = "<group>"; };
		B3D638CE239D3D3400B9905D /* WebService.swift */ = {isa = PBXFileReference; lastKnownFileType = sourcecode.swift; path = WebService.swift; sourceTree = "<group>"; };
		B3D638D1239D3F1700B9905D /* WebConstants.swift */ = {isa = PBXFileReference; fileEncoding = 4; lastKnownFileType = sourcecode.swift; path = WebConstants.swift; sourceTree = "<group>"; };
		B3D638D3239D3F9500B9905D /* Colors.swift */ = {isa = PBXFileReference; fileEncoding = 4; lastKnownFileType = sourcecode.swift; path = Colors.swift; sourceTree = "<group>"; };
		B3D638D4239D3F9600B9905D /* Cache.swift */ = {isa = PBXFileReference; fileEncoding = 4; lastKnownFileType = sourcecode.swift; path = Cache.swift; sourceTree = "<group>"; };
		B3D638D5239D3F9600B9905D /* ErrorMessages.swift */ = {isa = PBXFileReference; fileEncoding = 4; lastKnownFileType = sourcecode.swift; path = ErrorMessages.swift; sourceTree = "<group>"; };
		B3D638D6239D3F9600B9905D /* Constants.swift */ = {isa = PBXFileReference; fileEncoding = 4; lastKnownFileType = sourcecode.swift; path = Constants.swift; sourceTree = "<group>"; };
		B3D638DD239D40A800B9905D /* UserDefaultsKeys.swift */ = {isa = PBXFileReference; fileEncoding = 4; lastKnownFileType = sourcecode.swift; path = UserDefaultsKeys.swift; sourceTree = "<group>"; };
		B3D638E0239D4A2600B9905D /* Extension.swift */ = {isa = PBXFileReference; fileEncoding = 4; lastKnownFileType = sourcecode.swift; path = Extension.swift; sourceTree = "<group>"; };
		B3D638E2239D4AE100B9905D /* ArticleListVC.swift */ = {isa = PBXFileReference; lastKnownFileType = sourcecode.swift; path = ArticleListVC.swift; sourceTree = "<group>"; };
		B3D638E6239D57CC00B9905D /* ArticleCell.swift */ = {isa = PBXFileReference; lastKnownFileType = sourcecode.swift; path = ArticleCell.swift; sourceTree = "<group>"; };
		B3D638E9239D8AD500B9905D /* ApiList.swift */ = {isa = PBXFileReference; lastKnownFileType = sourcecode.swift; path = ApiList.swift; sourceTree = "<group>"; };
		B3FCFA34239DEEB10093A988 /* AppHelper.swift */ = {isa = PBXFileReference; fileEncoding = 4; lastKnownFileType = sourcecode.swift; path = AppHelper.swift; sourceTree = "<group>"; };
		B3FCFA36239DFA5E0093A988 /* ArticleList.swift */ = {isa = PBXFileReference; lastKnownFileType = sourcecode.swift; path = ArticleList.swift; sourceTree = "<group>"; };
/* End PBXFileReference section */

/* Begin PBXFrameworksBuildPhase section */
		B3D63895239D39F300B9905D /* Frameworks */ = {
			isa = PBXFrameworksBuildPhase;
			buildActionMask = 2147483647;
			files = (
				A460EF0097AC3EB2783CA12E /* Pods_NYArticle.framework in Frameworks */,
			);
			runOnlyForDeploymentPostprocessing = 0;
		};
		B3D638A9239D39F500B9905D /* Frameworks */ = {
			isa = PBXFrameworksBuildPhase;
			buildActionMask = 2147483647;
			files = (
			);
			runOnlyForDeploymentPostprocessing = 0;
		};
		B3D638B4239D39F500B9905D /* Frameworks */ = {
			isa = PBXFrameworksBuildPhase;
			buildActionMask = 2147483647;
			files = (
			);
			runOnlyForDeploymentPostprocessing = 0;
		};
/* End PBXFrameworksBuildPhase section */

/* Begin PBXGroup section */
		57E73B046EB6DFAF2B7430D2 /* Pods */ = {
			isa = PBXGroup;
			children = (
				3DDBF083E10B763DAD2AE249 /* Pods-NYArticle.debug.xcconfig */,
				AD480C457F5959DD8A5DA8CC /* Pods-NYArticle.release.xcconfig */,
			);
			path = Pods;
			sourceTree = "<group>";
		};
		B34C0AF7DA9B7FBF4226A81B /* Frameworks */ = {
			isa = PBXGroup;
			children = (
				5077F7BB453E7CE84C128092 /* Pods_NYArticle.framework */,
			);
			name = Frameworks;
			sourceTree = "<group>";
		};
		B3D6388F239D39F300B9905D = {
			isa = PBXGroup;
			children = (
				B3D6389A239D39F300B9905D /* NYArticle */,
				B3D638AF239D39F500B9905D /* NYArticleTests */,
				B3D638BA239D39F500B9905D /* NYArticleUITests */,
				B3D63899239D39F300B9905D /* Products */,
				57E73B046EB6DFAF2B7430D2 /* Pods */,
				B34C0AF7DA9B7FBF4226A81B /* Frameworks */,
			);
			sourceTree = "<group>";
		};
		B3D63899239D39F300B9905D /* Products */ = {
			isa = PBXGroup;
			children = (
				B3D63898239D39F300B9905D /* NYArticle.app */,
				B3D638AC239D39F500B9905D /* NYArticleTests.xctest */,
				B3D638B7239D39F500B9905D /* NYArticleUITests.xctest */,
			);
			name = Products;
			sourceTree = "<group>";
		};
		B3D6389A239D39F300B9905D /* NYArticle */ = {
			isa = PBXGroup;
			children = (
				B3D638E8239D8AB500B9905D /* APICollection */,
				B3D638D0239D3EFE00B9905D /* Constant */,
				B3D638CD239D3A6400B9905D /* WebService */,
				B3D638CB239D3A2100B9905D /* Controller */,
				B3D638CA239D3A1500B9905D /* View */,
				B3D638C9239D3A0600B9905D /* Model */,
				B3D6389B239D39F300B9905D /* AppDelegate.swift */,
				B3D638A2239D39F500B9905D /* Assets.xcassets */,
				B3D638A4239D39F500B9905D /* LaunchScreen.storyboard */,
				B3D638A7239D39F500B9905D /* Info.plist */,
			);
			path = NYArticle;
			sourceTree = "<group>";
		};
		B3D638AF239D39F500B9905D /* NYArticleTests */ = {
			isa = PBXGroup;
			children = (
				B3D638B0239D39F500B9905D /* NYArticleTests.swift */,
				B3D638B2239D39F500B9905D /* Info.plist */,
			);
			path = NYArticleTests;
			sourceTree = "<group>";
		};
		B3D638BA239D39F500B9905D /* NYArticleUITests */ = {
			isa = PBXGroup;
			children = (
				B3D638BB239D39F500B9905D /* NYArticleUITests.swift */,
				B3D638BD239D39F500B9905D /* Info.plist */,
			);
			path = NYArticleUITests;
			sourceTree = "<group>";
		};
		B3D638C9239D3A0600B9905D /* Model */ = {
			isa = PBXGroup;
			children = (
				B3FCFA36239DFA5E0093A988 /* ArticleList.swift */,
			);
			path = Model;
			sourceTree = "<group>";
		};
		B3D638CA239D3A1500B9905D /* View */ = {
			isa = PBXGroup;
			children = (
				B3D638DF239D42C400B9905D /* IBDesignable */,
				B3D638CC239D3A3F00B9905D /* StoryBoard */,
			);
			path = View;
			sourceTree = "<group>";
		};
		B3D638CB239D3A2100B9905D /* Controller */ = {
			isa = PBXGroup;
			children = (
				B3D638E4239D579300B9905D /* ArticleList */,
			);
			path = Controller;
			sourceTree = "<group>";
		};
		B3D638CC239D3A3F00B9905D /* StoryBoard */ = {
			isa = PBXGroup;
			children = (
				B3D6389F239D39F300B9905D /* Main.storyboard */,
			);
			path = StoryBoard;
			sourceTree = "<group>";
		};
		B3D638CD239D3A6400B9905D /* WebService */ = {
			isa = PBXGroup;
			children = (
				B3D638CE239D3D3400B9905D /* WebService.swift */,
			);
			path = WebService;
			sourceTree = "<group>";
		};
		B3D638D0239D3EFE00B9905D /* Constant */ = {
			isa = PBXGroup;
			children = (
				B3D638D4239D3F9600B9905D /* Cache.swift */,
				B3D638D3239D3F9500B9905D /* Colors.swift */,
				B3D638DD239D40A800B9905D /* UserDefaultsKeys.swift */,
				B3FCFA34239DEEB10093A988 /* AppHelper.swift */,
				B3D638D6239D3F9600B9905D /* Constants.swift */,
				B3D638D5239D3F9600B9905D /* ErrorMessages.swift */,
				B3D638D1239D3F1700B9905D /* WebConstants.swift */,
			);
			path = Constant;
			sourceTree = "<group>";
		};
		B3D638DF239D42C400B9905D /* IBDesignable */ = {
			isa = PBXGroup;
			children = (
				B3D638E0239D4A2600B9905D /* Extension.swift */,
			);
			path = IBDesignable;
			sourceTree = "<group>";
		};
		B3D638E4239D579300B9905D /* ArticleList */ = {
			isa = PBXGroup;
			children = (
				B3D638E5239D57A700B9905D /* ArticleCell */,
				B3D638E2239D4AE100B9905D /* ArticleListVC.swift */,
			);
			path = ArticleList;
			sourceTree = "<group>";
		};
		B3D638E5239D57A700B9905D /* ArticleCell */ = {
			isa = PBXGroup;
			children = (
				B3D638E6239D57CC00B9905D /* ArticleCell.swift */,
			);
			path = ArticleCell;
			sourceTree = "<group>";
		};
		B3D638E8239D8AB500B9905D /* APICollection */ = {
			isa = PBXGroup;
			children = (
				B3D638E9239D8AD500B9905D /* ApiList.swift */,
			);
			path = APICollection;
			sourceTree = "<group>";
		};
/* End PBXGroup section */

/* Begin PBXNativeTarget section */
		B3D63897239D39F300B9905D /* NYArticle */ = {
			isa = PBXNativeTarget;
			buildConfigurationList = B3D638C0239D39F500B9905D /* Build configuration list for PBXNativeTarget "NYArticle" */;
			buildPhases = (
				95517E9798C3CB83E10F8383 /* [CP] Check Pods Manifest.lock */,
				B3D63894239D39F300B9905D /* Sources */,
				B3D63895239D39F300B9905D /* Frameworks */,
				B3D63896239D39F300B9905D /* Resources */,
				F580F591C772B2F91A70B511 /* [CP] Embed Pods Frameworks */,
			);
			buildRules = (
			);
			dependencies = (
			);
			name = NYArticle;
			productName = NYArticle;
			productReference = B3D63898239D39F300B9905D /* NYArticle.app */;
			productType = "com.apple.product-type.application";
		};
		B3D638AB239D39F500B9905D /* NYArticleTests */ = {
			isa = PBXNativeTarget;
			buildConfigurationList = B3D638C3239D39F500B9905D /* Build configuration list for PBXNativeTarget "NYArticleTests" */;
			buildPhases = (
				B3D638A8239D39F500B9905D /* Sources */,
				B3D638A9239D39F500B9905D /* Frameworks */,
				B3D638AA239D39F500B9905D /* Resources */,
			);
			buildRules = (
			);
			dependencies = (
				B3D638AE239D39F500B9905D /* PBXTargetDependency */,
			);
			name = NYArticleTests;
			productName = NYArticleTests;
			productReference = B3D638AC239D39F500B9905D /* NYArticleTests.xctest */;
			productType = "com.apple.product-type.bundle.unit-test";
		};
		B3D638B6239D39F500B9905D /* NYArticleUITests */ = {
			isa = PBXNativeTarget;
			buildConfigurationList = B3D638C6239D39F500B9905D /* Build configuration list for PBXNativeTarget "NYArticleUITests" */;
			buildPhases = (
				B3D638B3239D39F500B9905D /* Sources */,
				B3D638B4239D39F500B9905D /* Frameworks */,
				B3D638B5239D39F500B9905D /* Resources */,
			);
			buildRules = (
			);
			dependencies = (
				B3D638B9239D39F500B9905D /* PBXTargetDependency */,
			);
			name = NYArticleUITests;
			productName = NYArticleUITests;
			productReference = B3D638B7239D39F500B9905D /* NYArticleUITests.xctest */;
			productType = "com.apple.product-type.bundle.ui-testing";
		};
/* End PBXNativeTarget section */

/* Begin PBXProject section */
		B3D63890239D39F300B9905D /* Project object */ = {
			isa = PBXProject;
			attributes = {
				LastSwiftUpdateCheck = 1010;
				LastUpgradeCheck = 1010;
				ORGANIZATIONNAME = "Ravi dwivedi";
				TargetAttributes = {
					B3D63897239D39F300B9905D = {
						CreatedOnToolsVersion = 10.1;
					};
					B3D638AB239D39F500B9905D = {
						CreatedOnToolsVersion = 10.1;
						TestTargetID = B3D63897239D39F300B9905D;
					};
					B3D638B6239D39F500B9905D = {
						CreatedOnToolsVersion = 10.1;
						TestTargetID = B3D63897239D39F300B9905D;
					};
				};
			};
			buildConfigurationList = B3D63893239D39F300B9905D /* Build configuration list for PBXProject "NYArticle" */;
			compatibilityVersion = "Xcode 9.3";
			developmentRegion = en;
			hasScannedForEncodings = 0;
			knownRegions = (
				en,
				Base,
			);
			mainGroup = B3D6388F239D39F300B9905D;
			productRefGroup = B3D63899239D39F300B9905D /* Products */;
			projectDirPath = "";
			projectRoot = "";
			targets = (
				B3D63897239D39F300B9905D /* NYArticle */,
				B3D638AB239D39F500B9905D /* NYArticleTests */,
				B3D638B6239D39F500B9905D /* NYArticleUITests */,
			);
		};
/* End PBXProject section */

/* Begin PBXResourcesBuildPhase section */
		B3D63896239D39F300B9905D /* Resources */ = {
			isa = PBXResourcesBuildPhase;
			buildActionMask = 2147483647;
			files = (
				B3D638A6239D39F500B9905D /* LaunchScreen.storyboard in Resources */,
				B3D638A3239D39F500B9905D /* Assets.xcassets in Resources */,
				B3D638A1239D39F300B9905D /* Main.storyboard in Resources */,
			);
			runOnlyForDeploymentPostprocessing = 0;
		};
		B3D638AA239D39F500B9905D /* Resources */ = {
			isa = PBXResourcesBuildPhase;
			buildActionMask = 2147483647;
			files = (
			);
			runOnlyForDeploymentPostprocessing = 0;
		};
		B3D638B5239D39F500B9905D /* Resources */ = {
			isa = PBXResourcesBuildPhase;
			buildActionMask = 2147483647;
			files = (
			);
			runOnlyForDeploymentPostprocessing = 0;
		};
/* End PBXResourcesBuildPhase section */

/* Begin PBXShellScriptBuildPhase section */
		95517E9798C3CB83E10F8383 /* [CP] Check Pods Manifest.lock */ = {
			isa = PBXShellScriptBuildPhase;
			buildActionMask = 2147483647;
			files = (
			);
			inputFileListPaths = (
			);
			inputPaths = (
				"${PODS_PODFILE_DIR_PATH}/Podfile.lock",
				"${PODS_ROOT}/Manifest.lock",
			);
			name = "[CP] Check Pods Manifest.lock";
			outputFileListPaths = (
			);
			outputPaths = (
				"$(DERIVED_FILE_DIR)/Pods-NYArticle-checkManifestLockResult.txt",
			);
			runOnlyForDeploymentPostprocessing = 0;
			shellPath = /bin/sh;
			shellScript = "diff \"${PODS_PODFILE_DIR_PATH}/Podfile.lock\" \"${PODS_ROOT}/Manifest.lock\" > /dev/null\nif [ $? != 0 ] ; then\n    # print error to STDERR\n    echo \"error: The sandbox is not in sync with the Podfile.lock. Run 'pod install' or update your CocoaPods installation.\" >&2\n    exit 1\nfi\n# This output is used by Xcode 'outputs' to avoid re-running this script phase.\necho \"SUCCESS\" > \"${SCRIPT_OUTPUT_FILE_0}\"\n";
			showEnvVarsInLog = 0;
		};
		F580F591C772B2F91A70B511 /* [CP] Embed Pods Frameworks */ = {
			isa = PBXShellScriptBuildPhase;
			buildActionMask = 2147483647;
			files = (
			);
			inputFileListPaths = (
				"${PODS_ROOT}/Target Support Files/Pods-NYArticle/Pods-NYArticle-frameworks-${CONFIGURATION}-input-files.xcfilelist",
			);
			name = "[CP] Embed Pods Frameworks";
			outputFileListPaths = (
				"${PODS_ROOT}/Target Support Files/Pods-NYArticle/Pods-NYArticle-frameworks-${CONFIGURATION}-output-files.xcfilelist",
			);
			runOnlyForDeploymentPostprocessing = 0;
			shellPath = /bin/sh;
			shellScript = "\"${PODS_ROOT}/Target Support Files/Pods-NYArticle/Pods-NYArticle-frameworks.sh\"\n";
			showEnvVarsInLog = 0;
		};
/* End PBXShellScriptBuildPhase section */

/* Begin PBXSourcesBuildPhase section */
		B3D63894239D39F300B9905D /* Sources */ = {
			isa = PBXSourcesBuildPhase;
			buildActionMask = 2147483647;
			files = (
				B3D638CF239D3D3400B9905D /* WebService.swift in Sources */,
				B3D638D9239D3F9600B9905D /* Cache.swift in Sources */,
				B3D638E3239D4AE100B9905D /* ArticleListVC.swift in Sources */,
				B3D638DA239D3F9600B9905D /* ErrorMessages.swift in Sources */,
				B3D638EA239D8AD500B9905D /* ApiList.swift in Sources */,
				B3D638DE239D40A800B9905D /* UserDefaultsKeys.swift in Sources */,
				B3D638E1239D4A2600B9905D /* Extension.swift in Sources */,
				B3D638D8239D3F9600B9905D /* Colors.swift in Sources */,
				B3D638E7239D57CC00B9905D /* ArticleCell.swift in Sources */,
				B3D638DB239D3F9600B9905D /* Constants.swift in Sources */,
				B3FCFA37239DFA5E0093A988 /* ArticleList.swift in Sources */,
				B3FCFA35239DEEB10093A988 /* AppHelper.swift in Sources */,
				B3D6389C239D39F300B9905D /* AppDelegate.swift in Sources */,
				B3D638D2239D3F1700B9905D /* WebConstants.swift in Sources */,
			);
			runOnlyForDeploymentPostprocessing = 0;
		};
		B3D638A8239D39F500B9905D /* Sources */ = {
			isa = PBXSourcesBuildPhase;
			buildActionMask = 2147483647;
			files = (
				B3D638B1239D39F500B9905D /* NYArticleTests.swift in Sources */,
			);
			runOnlyForDeploymentPostprocessing = 0;
		};
		B3D638B3239D39F500B9905D /* Sources */ = {
			isa = PBXSourcesBuildPhase;
			buildActionMask = 2147483647;
			files = (
				B3D638BC239D39F500B9905D /* NYArticleUITests.swift in Sources */,
			);
			runOnlyForDeploymentPostprocessing = 0;
		};
/* End PBXSourcesBuildPhase section */

/* Begin PBXTargetDependency section */
		B3D638AE239D39F500B9905D /* PBXTargetDependency */ = {
			isa = PBXTargetDependency;
			target = B3D63897239D39F300B9905D /* NYArticle */;
			targetProxy = B3D638AD239D39F500B9905D /* PBXContainerItemProxy */;
		};
		B3D638B9239D39F500B9905D /* PBXTargetDependency */ = {
			isa = PBXTargetDependency;
			target = B3D63897239D39F300B9905D /* NYArticle */;
			targetProxy = B3D638B8239D39F500B9905D /* PBXContainerItemProxy */;
		};
/* End PBXTargetDependency section */

/* Begin PBXVariantGroup section */
		B3D6389F239D39F300B9905D /* Main.storyboard */ = {
			isa = PBXVariantGroup;
			children = (
				B3D638A0239D39F300B9905D /* Base */,
			);
			name = Main.storyboard;
			sourceTree = "<group>";
		};
		B3D638A4239D39F500B9905D /* LaunchScreen.storyboard */ = {
			isa = PBXVariantGroup;
			children = (
				B3D638A5239D39F500B9905D /* Base */,
			);
			name = LaunchScreen.storyboard;
			sourceTree = "<group>";
		};
/* End PBXVariantGroup section */

/* Begin XCBuildConfiguration section */
		B3D638BE239D39F500B9905D /* Debug */ = {
			isa = XCBuildConfiguration;
			buildSettings = {
				ALWAYS_SEARCH_USER_PATHS = NO;
				CLANG_ANALYZER_NONNULL = YES;
				CLANG_ANALYZER_NUMBER_OBJECT_CONVERSION = YES_AGGRESSIVE;
				CLANG_CXX_LANGUAGE_STANDARD = "gnu++14";
				CLANG_CXX_LIBRARY = "libc++";
				CLANG_ENABLE_MODULES = YES;
				CLANG_ENABLE_OBJC_ARC = YES;
				CLANG_ENABLE_OBJC_WEAK = YES;
				CLANG_WARN_BLOCK_CAPTURE_AUTORELEASING = YES;
				CLANG_WARN_BOOL_CONVERSION = YES;
				CLANG_WARN_COMMA = YES;
				CLANG_WARN_CONSTANT_CONVERSION = YES;
				CLANG_WARN_DEPRECATED_OBJC_IMPLEMENTATIONS = YES;
				CLANG_WARN_DIRECT_OBJC_ISA_USAGE = YES_ERROR;
				CLANG_WARN_DOCUMENTATION_COMMENTS = YES;
				CLANG_WARN_EMPTY_BODY = YES;
				CLANG_WARN_ENUM_CONVERSION = YES;
				CLANG_WARN_INFINITE_RECURSION = YES;
				CLANG_WARN_INT_CONVERSION = YES;
				CLANG_WARN_NON_LITERAL_NULL_CONVERSION = YES;
				CLANG_WARN_OBJC_IMPLICIT_RETAIN_SELF = YES;
				CLANG_WARN_OBJC_LITERAL_CONVERSION = YES;
				CLANG_WARN_OBJC_ROOT_CLASS = YES_ERROR;
				CLANG_WARN_RANGE_LOOP_ANALYSIS = YES;
				CLANG_WARN_STRICT_PROTOTYPES = YES;
				CLANG_WARN_SUSPICIOUS_MOVE = YES;
				CLANG_WARN_UNGUARDED_AVAILABILITY = YES_AGGRESSIVE;
				CLANG_WARN_UNREACHABLE_CODE = YES;
				CLANG_WARN__DUPLICATE_METHOD_MATCH = YES;
				CODE_SIGN_IDENTITY = "iPhone Developer";
				COPY_PHASE_STRIP = NO;
				DEBUG_INFORMATION_FORMAT = dwarf;
				ENABLE_STRICT_OBJC_MSGSEND = YES;
				ENABLE_TESTABILITY = YES;
				GCC_C_LANGUAGE_STANDARD = gnu11;
				GCC_DYNAMIC_NO_PIC = NO;
				GCC_NO_COMMON_BLOCKS = YES;
				GCC_OPTIMIZATION_LEVEL = 0;
				GCC_PREPROCESSOR_DEFINITIONS = (
					"DEBUG=1",
					"$(inherited)",
				);
				GCC_WARN_64_TO_32_BIT_CONVERSION = YES;
				GCC_WARN_ABOUT_RETURN_TYPE = YES_ERROR;
				GCC_WARN_UNDECLARED_SELECTOR = YES;
				GCC_WARN_UNINITIALIZED_AUTOS = YES_AGGRESSIVE;
				GCC_WARN_UNUSED_FUNCTION = YES;
				GCC_WARN_UNUSED_VARIABLE = YES;
				IPHONEOS_DEPLOYMENT_TARGET = 12.1;
				MTL_ENABLE_DEBUG_INFO = INCLUDE_SOURCE;
				MTL_FAST_MATH = YES;
				ONLY_ACTIVE_ARCH = YES;
				SDKROOT = iphoneos;
				SWIFT_ACTIVE_COMPILATION_CONDITIONS = DEBUG;
				SWIFT_OPTIMIZATION_LEVEL = "-Onone";
			};
			name = Debug;
		};
		B3D638BF239D39F500B9905D /* Release */ = {
			isa = XCBuildConfiguration;
			buildSettings = {
				ALWAYS_SEARCH_USER_PATHS = NO;
				CLANG_ANALYZER_NONNULL = YES;
				CLANG_ANALYZER_NUMBER_OBJECT_CONVERSION = YES_AGGRESSIVE;
				CLANG_CXX_LANGUAGE_STANDARD = "gnu++14";
				CLANG_CXX_LIBRARY = "libc++";
				CLANG_ENABLE_MODULES = YES;
				CLANG_ENABLE_OBJC_ARC = YES;
				CLANG_ENABLE_OBJC_WEAK = YES;
				CLANG_WARN_BLOCK_CAPTURE_AUTORELEASING = YES;
				CLANG_WARN_BOOL_CONVERSION = YES;
				CLANG_WARN_COMMA = YES;
				CLANG_WARN_CONSTANT_CONVERSION = YES;
				CLANG_WARN_DEPRECATED_OBJC_IMPLEMENTATIONS = YES;
				CLANG_WARN_DIRECT_OBJC_ISA_USAGE = YES_ERROR;
				CLANG_WARN_DOCUMENTATION_COMMENTS = YES;
				CLANG_WARN_EMPTY_BODY = YES;
				CLANG_WARN_ENUM_CONVERSION = YES;
				CLANG_WARN_INFINITE_RECURSION = YES;
				CLANG_WARN_INT_CONVERSION = YES;
				CLANG_WARN_NON_LITERAL_NULL_CONVERSION = YES;
				CLANG_WARN_OBJC_IMPLICIT_RETAIN_SELF = YES;
				CLANG_WARN_OBJC_LITERAL_CONVERSION = YES;
				CLANG_WARN_OBJC_ROOT_CLASS = YES_ERROR;
				CLANG_WARN_RANGE_LOOP_ANALYSIS = YES;
				CLANG_WARN_STRICT_PROTOTYPES = YES;
				CLANG_WARN_SUSPICIOUS_MOVE = YES;
				CLANG_WARN_UNGUARDED_AVAILABILITY = YES_AGGRESSIVE;
				CLANG_WARN_UNREACHABLE_CODE = YES;
				CLANG_WARN__DUPLICATE_METHOD_MATCH = YES;
				CODE_SIGN_IDENTITY = "iPhone Developer";
				COPY_PHASE_STRIP = NO;
				DEBUG_INFORMATION_FORMAT = "dwarf-with-dsym";
				ENABLE_NS_ASSERTIONS = NO;
				ENABLE_STRICT_OBJC_MSGSEND = YES;
				GCC_C_LANGUAGE_STANDARD = gnu11;
				GCC_NO_COMMON_BLOCKS = YES;
				GCC_WARN_64_TO_32_BIT_CONVERSION = YES;
				GCC_WARN_ABOUT_RETURN_TYPE = YES_ERROR;
				GCC_WARN_UNDECLARED_SELECTOR = YES;
				GCC_WARN_UNINITIALIZED_AUTOS = YES_AGGRESSIVE;
				GCC_WARN_UNUSED_FUNCTION = YES;
				GCC_WARN_UNUSED_VARIABLE = YES;
				IPHONEOS_DEPLOYMENT_TARGET = 12.1;
				MTL_ENABLE_DEBUG_INFO = NO;
				MTL_FAST_MATH = YES;
				SDKROOT = iphoneos;
				SWIFT_COMPILATION_MODE = wholemodule;
				SWIFT_OPTIMIZATION_LEVEL = "-O";
				VALIDATE_PRODUCT = YES;
			};
			name = Release;
		};
		B3D638C1239D39F500B9905D /* Debug */ = {
			isa = XCBuildConfiguration;
			baseConfigurationReference = 3DDBF083E10B763DAD2AE249 /* Pods-NYArticle.debug.xcconfig */;
			buildSettings = {
				ASSETCATALOG_COMPILER_APPICON_NAME = AppIcon;
				CODE_SIGN_STYLE = Automatic;
				INFOPLIST_FILE = NYArticle/Info.plist;
				LD_RUNPATH_SEARCH_PATHS = (
					"$(inherited)",
					"@executable_path/Frameworks",
				);
				PRODUCT_BUNDLE_IDENTIFIER = com.firstStep.NYArticle;
				PRODUCT_NAME = "$(TARGET_NAME)";
				SWIFT_VERSION = 4.2;
				TARGETED_DEVICE_FAMILY = "1,2";
			};
			name = Debug;
		};
		B3D638C2239D39F500B9905D /* Release */ = {
			isa = XCBuildConfiguration;
			baseConfigurationReference = AD480C457F5959DD8A5DA8CC /* Pods-NYArticle.release.xcconfig */;
			buildSettings = {
				ASSETCATALOG_COMPILER_APPICON_NAME = AppIcon;
				CODE_SIGN_STYLE = Automatic;
				INFOPLIST_FILE = NYArticle/Info.plist;
				LD_RUNPATH_SEARCH_PATHS = (
					"$(inherited)",
					"@executable_path/Frameworks",
				);
				PRODUCT_BUNDLE_IDENTIFIER = com.firstStep.NYArticle;
				PRODUCT_NAME = "$(TARGET_NAME)";
				SWIFT_VERSION = 4.2;
				TARGETED_DEVICE_FAMILY = "1,2";
			};
			name = Release;
		};
		B3D638C4239D39F500B9905D /* Debug */ = {
			isa = XCBuildConfiguration;
			buildSettings = {
				ALWAYS_EMBED_SWIFT_STANDARD_LIBRARIES = YES;
				BUNDLE_LOADER = "$(TEST_HOST)";
				CODE_SIGN_STYLE = Automatic;
				INFOPLIST_FILE = NYArticleTests/Info.plist;
				LD_RUNPATH_SEARCH_PATHS = (
					"$(inherited)",
					"@executable_path/Frameworks",
					"@loader_path/Frameworks",
				);
				PRODUCT_BUNDLE_IDENTIFIER = com.firstStep.NYArticleTests;
				PRODUCT_NAME = "$(TARGET_NAME)";
				SWIFT_VERSION = 4.2;
				TARGETED_DEVICE_FAMILY = "1,2";
				TEST_HOST = "$(BUILT_PRODUCTS_DIR)/NYArticle.app/NYArticle";
			};
			name = Debug;
		};
		B3D638C5239D39F500B9905D /* Release */ = {
			isa = XCBuildConfiguration;
			buildSettings = {
				ALWAYS_EMBED_SWIFT_STANDARD_LIBRARIES = YES;
				BUNDLE_LOADER = "$(TEST_HOST)";
				CODE_SIGN_STYLE = Automatic;
				INFOPLIST_FILE = NYArticleTests/Info.plist;
				LD_RUNPATH_SEARCH_PATHS = (
					"$(inherited)",
					"@executable_path/Frameworks",
					"@loader_path/Frameworks",
				);
				PRODUCT_BUNDLE_IDENTIFIER = com.firstStep.NYArticleTests;
				PRODUCT_NAME = "$(TARGET_NAME)";
				SWIFT_VERSION = 4.2;
				TARGETED_DEVICE_FAMILY = "1,2";
				TEST_HOST = "$(BUILT_PRODUCTS_DIR)/NYArticle.app/NYArticle";
			};
			name = Release;
		};
		B3D638C7239D39F500B9905D /* Debug */ = {
			isa = XCBuildConfiguration;
			buildSettings = {
				ALWAYS_EMBED_SWIFT_STANDARD_LIBRARIES = YES;
				CODE_SIGN_STYLE = Automatic;
				INFOPLIST_FILE = NYArticleUITests/Info.plist;
				LD_RUNPATH_SEARCH_PATHS = (
					"$(inherited)",
					"@executable_path/Frameworks",
					"@loader_path/Frameworks",
				);
				PRODUCT_BUNDLE_IDENTIFIER = com.firstStep.NYArticleUITests;
				PRODUCT_NAME = "$(TARGET_NAME)";
				SWIFT_VERSION = 4.2;
				TARGETED_DEVICE_FAMILY = "1,2";
				TEST_TARGET_NAME = NYArticle;
			};
			name = Debug;
		};
		B3D638C8239D39F500B9905D /* Release */ = {
			isa = XCBuildConfiguration;
			buildSettings = {
				ALWAYS_EMBED_SWIFT_STANDARD_LIBRARIES = YES;
				CODE_SIGN_STYLE = Automatic;
				INFOPLIST_FILE = NYArticleUITests/Info.plist;
				LD_RUNPATH_SEARCH_PATHS = (
					"$(inherited)",
					"@executable_path/Frameworks",
					"@loader_path/Frameworks",
				);
				PRODUCT_BUNDLE_IDENTIFIER = com.firstStep.NYArticleUITests;
				PRODUCT_NAME = "$(TARGET_NAME)";
				SWIFT_VERSION = 4.2;
				TARGETED_DEVICE_FAMILY = "1,2";
				TEST_TARGET_NAME = NYArticle;
			};
			name = Release;
		};
/* End XCBuildConfiguration section */

/* Begin XCConfigurationList section */
		B3D63893239D39F300B9905D /* Build configuration list for PBXProject "NYArticle" */ = {
			isa = XCConfigurationList;
			buildConfigurations = (
				B3D638BE239D39F500B9905D /* Debug */,
				B3D638BF239D39F500B9905D /* Release */,
			);
			defaultConfigurationIsVisible = 0;
			defaultConfigurationName = Release;
		};
		B3D638C0239D39F500B9905D /* Build configuration list for PBXNativeTarget "NYArticle" */ = {
			isa = XCConfigurationList;
			buildConfigurations = (
				B3D638C1239D39F500B9905D /* Debug */,
				B3D638C2239D39F500B9905D /* Release */,
			);
			defaultConfigurationIsVisible = 0;
			defaultConfigurationName = Release;
		};
		B3D638C3239D39F500B9905D /* Build configuration list for PBXNativeTarget "NYArticleTests" */ = {
			isa = XCConfigurationList;
			buildConfigurations = (
				B3D638C4239D39F500B9905D /* Debug */,
				B3D638C5239D39F500B9905D /* Release */,
			);
			defaultConfigurationIsVisible = 0;
			defaultConfigurationName = Release;
		};
		B3D638C6239D39F500B9905D /* Build configuration list for PBXNativeTarget "NYArticleUITests" */ = {
			isa = XCConfigurationList;
			buildConfigurations = (
				B3D638C7239D39F500B9905D /* Debug */,
				B3D638C8239D39F500B9905D /* Release */,
			);
			defaultConfigurationIsVisible = 0;
			defaultConfigurationName = Release;
		};
/* End XCConfigurationList section */
	};
	rootObject = B3D63890239D39F300B9905D /* Project object */;
}
